
Microsoft Visual Studio Solution File, Format Version 12.00
# Visual Studio 15
VisualStudioVersion = 15.0.28307.168
MinimumVisualStudioVersion = 10.0.40219.1
Project("{FAE04EC0-301F-11D3-BF4B-00C04F79EFBC}") = "Day1", "Day1\Day1.csproj", "{79EB74EF-AE79-4153-873E-7DB42945F958}"
EndProject
Project("{FAE04EC0-301F-11D3-BF4B-00C04F79EFBC}") = "Day2", "Day2\Day2.csproj", "{FF803526-6D8A-4691-8D99-6273AB334C92}"
EndProject
Project("{FAE04EC0-301F-11D3-BF4B-00C04F79EFBC}") = "Day3", "Day3\Day3.csproj", "{EDC8BB39-9FFB-450F-AFD8-7CBF3AEA96E2}"
EndProject
Project("{FAE04EC0-301F-11D3-BF4B-00C04F79EFBC}") = "Day4", "Day4\Day4.csproj", "{57F80C50-D514-47A6-B401-4DCCC4718C8F}"
EndProject
Project("{FAE04EC0-301F-11D3-BF4B-00C04F79EFBC}") = "Day5", "Day5\Day5.csproj", "{A01338CD-0299-4FE2-BF7A-5589EF116C7A}"
EndProject
Project("{FAE04EC0-301F-11D3-BF4B-00C04F79EFBC}") = "Day7", "Day7\Day7.csproj", "{4DC3671D-730E-4B2E-B28F-806EE5637D1C}"
EndProject
Global
	GlobalSection(SolutionConfigurationPlatforms) = preSolution
		Debug|Any CPU = Debug|Any CPU
		Release|Any CPU = Release|Any CPU
	EndGlobalSection
	GlobalSection(ProjectConfigurationPlatforms) = postSolution
		{79EB74EF-AE79-4153-873E-7DB42945F958}.Debug|Any CPU.ActiveCfg = Debug|Any CPU
		{79EB74EF-AE79-4153-873E-7DB42945F958}.Debug|Any CPU.Build.0 = Debug|Any CPU
		{79EB74EF-AE79-4153-873E-7DB42945F958}.Release|Any CPU.ActiveCfg = Release|Any CPU
		{79EB74EF-AE79-4153-873E-7DB42945F958}.Release|Any CPU.Build.0 = Release|Any CPU
		{FF803526-6D8A-4691-8D99-6273AB334C92}.Debug|Any CPU.ActiveCfg = Debug|Any CPU
		{FF803526-6D8A-4691-8D99-6273AB334C92}.Debug|Any CPU.Build.0 = Debug|Any CPU
		{FF803526-6D8A-4691-8D99-6273AB334C92}.Release|Any CPU.ActiveCfg = Release|Any CPU
		{FF803526-6D8A-4691-8D99-6273AB334C92}.Release|Any CPU.Build.0 = Release|Any CPU
		{EDC8BB39-9FFB-450F-AFD8-7CBF3AEA96E2}.Debug|Any CPU.ActiveCfg = Debug|Any CPU
		{EDC8BB39-9FFB-450F-AFD8-7CBF3AEA96E2}.Debug|Any CPU.Build.0 = Debug|Any CPU
		{EDC8BB39-9FFB-450F-AFD8-7CBF3AEA96E2}.Release|Any CPU.ActiveCfg = Release|Any CPU
		{EDC8BB39-9FFB-450F-AFD8-7CBF3AEA96E2}.Release|Any CPU.Build.0 = Release|Any CPU
		{57F80C50-D514-47A6-B401-4DCCC4718C8F}.Debug|Any CPU.ActiveCfg = Debug|Any CPU
		{57F80C50-D514-47A6-B401-4DCCC4718C8F}.Debug|Any CPU.Build.0 = Debug|Any CPU
		{57F80C50-D514-47A6-B401-4DCCC4718C8F}.Release|Any CPU.ActiveCfg = Release|Any CPU
		{57F80C50-D514-47A6-B401-4DCCC4718C8F}.Release|Any CPU.Build.0 = Release|Any CPU
		{A01338CD-0299-4FE2-BF7A-5589EF116C7A}.Debug|Any CPU.ActiveCfg = Debug|Any CPU
		{A01338CD-0299-4FE2-BF7A-5589EF116C7A}.Debug|Any CPU.Build.0 = Debug|Any CPU
		{A01338CD-0299-4FE2-BF7A-5589EF116C7A}.Release|Any CPU.ActiveCfg = Release|Any CPU
		{A01338CD-0299-4FE2-BF7A-5589EF116C7A}.Release|Any CPU.Build.0 = Release|Any CPU
		{4DC3671D-730E-4B2E-B28F-806EE5637D1C}.Debug|Any CPU.ActiveCfg = Debug|Any CPU
		{4DC3671D-730E-4B2E-B28F-806EE5637D1C}.Debug|Any CPU.Build.0 = Debug|Any CPU
		{4DC3671D-730E-4B2E-B28F-806EE5637D1C}.Release|Any CPU.ActiveCfg = Release|Any CPU
		{4DC3671D-730E-4B2E-B28F-806EE5637D1C}.Release|Any CPU.Build.0 = Release|Any CPU
	EndGlobalSection
	GlobalSection(SolutionProperties) = preSolution
		HideSolutionNode = FALSE
	EndGlobalSection
	GlobalSection(ExtensibilityGlobals) = postSolution
		SolutionGuid = {011C362E-0F2F-4614-A5FB-BE88F657C10E}
	EndGlobalSection
EndGlobal
