
Microsoft Visual Studio Solution File, Format Version 12.00
# Visual Studio 15
VisualStudioVersion = 15.0.28307.271
MinimumVisualStudioVersion = 10.0.40219.1
Project("{FAE04EC0-301F-11D3-BF4B-00C04F79EFBC}") = "Day01", "Day01\Day01.csproj", "{1307C9A0-563A-47BE-895C-A4089839C166}"
EndProject
Project("{FAE04EC0-301F-11D3-BF4B-00C04F79EFBC}") = "Day02", "Day02\Day02.csproj", "{FD8F8976-CAAC-4A97-AC9B-A2A0C0C3AC01}"
EndProject
Project("{FAE04EC0-301F-11D3-BF4B-00C04F79EFBC}") = "Day03", "Day03\Day03.csproj", "{D4C3C667-54ED-4B98-86DD-9E18780D0E22}"
EndProject
Project("{FAE04EC0-301F-11D3-BF4B-00C04F79EFBC}") = "Day04", "Day04\Day04.csproj", "{70218A71-9723-494D-BB20-5503A93BAB3F}"
EndProject
Project("{FAE04EC0-301F-11D3-BF4B-00C04F79EFBC}") = "Day06", "Day06\Day06.csproj", "{5F101D87-F8C4-42E2-BC9D-6F0B16EF7965}"
EndProject
Project("{FAE04EC0-301F-11D3-BF4B-00C04F79EFBC}") = "Day05", "Day05\Day05.csproj", "{D7D06000-F971-4B7A-97FD-F241655FFCAE}"
EndProject
Project("{FAE04EC0-301F-11D3-BF4B-00C04F79EFBC}") = "Day07", "Day07\Day07.csproj", "{61F712CB-FCAC-44E7-86A7-E75BAD414166}"
EndProject
Global
	GlobalSection(SolutionConfigurationPlatforms) = preSolution
		Debug|Any CPU = Debug|Any CPU
		Debug|x64 = Debug|x64
		Release|Any CPU = Release|Any CPU
		Release|x64 = Release|x64
	EndGlobalSection
	GlobalSection(ProjectConfigurationPlatforms) = postSolution
		{1307C9A0-563A-47BE-895C-A4089839C166}.Debug|Any CPU.ActiveCfg = Debug|x64
		{1307C9A0-563A-47BE-895C-A4089839C166}.Debug|x64.ActiveCfg = Debug|x64
		{1307C9A0-563A-47BE-895C-A4089839C166}.Debug|x64.Build.0 = Debug|x64
		{1307C9A0-563A-47BE-895C-A4089839C166}.Release|Any CPU.ActiveCfg = Release|x64
		{1307C9A0-563A-47BE-895C-A4089839C166}.Release|x64.ActiveCfg = Release|x64
		{1307C9A0-563A-47BE-895C-A4089839C166}.Release|x64.Build.0 = Release|x64
		{FD8F8976-CAAC-4A97-AC9B-A2A0C0C3AC01}.Debug|Any CPU.ActiveCfg = Debug|Any CPU
		{FD8F8976-CAAC-4A97-AC9B-A2A0C0C3AC01}.Debug|Any CPU.Build.0 = Debug|Any CPU
		{FD8F8976-CAAC-4A97-AC9B-A2A0C0C3AC01}.Debug|x64.ActiveCfg = Debug|Any CPU
		{FD8F8976-CAAC-4A97-AC9B-A2A0C0C3AC01}.Debug|x64.Build.0 = Debug|Any CPU
		{FD8F8976-CAAC-4A97-AC9B-A2A0C0C3AC01}.Release|Any CPU.ActiveCfg = Release|Any CPU
		{FD8F8976-CAAC-4A97-AC9B-A2A0C0C3AC01}.Release|Any CPU.Build.0 = Release|Any CPU
		{FD8F8976-CAAC-4A97-AC9B-A2A0C0C3AC01}.Release|x64.ActiveCfg = Release|Any CPU
		{FD8F8976-CAAC-4A97-AC9B-A2A0C0C3AC01}.Release|x64.Build.0 = Release|Any CPU
		{D4C3C667-54ED-4B98-86DD-9E18780D0E22}.Debug|Any CPU.ActiveCfg = Debug|Any CPU
		{D4C3C667-54ED-4B98-86DD-9E18780D0E22}.Debug|Any CPU.Build.0 = Debug|Any CPU
		{D4C3C667-54ED-4B98-86DD-9E18780D0E22}.Debug|x64.ActiveCfg = Debug|Any CPU
		{D4C3C667-54ED-4B98-86DD-9E18780D0E22}.Debug|x64.Build.0 = Debug|Any CPU
		{D4C3C667-54ED-4B98-86DD-9E18780D0E22}.Release|Any CPU.ActiveCfg = Release|Any CPU
		{D4C3C667-54ED-4B98-86DD-9E18780D0E22}.Release|Any CPU.Build.0 = Release|Any CPU
		{D4C3C667-54ED-4B98-86DD-9E18780D0E22}.Release|x64.ActiveCfg = Release|Any CPU
		{D4C3C667-54ED-4B98-86DD-9E18780D0E22}.Release|x64.Build.0 = Release|Any CPU
		{70218A71-9723-494D-BB20-5503A93BAB3F}.Debug|Any CPU.ActiveCfg = Debug|Any CPU
		{70218A71-9723-494D-BB20-5503A93BAB3F}.Debug|Any CPU.Build.0 = Debug|Any CPU
		{70218A71-9723-494D-BB20-5503A93BAB3F}.Debug|x64.ActiveCfg = Debug|Any CPU
		{70218A71-9723-494D-BB20-5503A93BAB3F}.Debug|x64.Build.0 = Debug|Any CPU
		{70218A71-9723-494D-BB20-5503A93BAB3F}.Release|Any CPU.ActiveCfg = Release|Any CPU
		{70218A71-9723-494D-BB20-5503A93BAB3F}.Release|Any CPU.Build.0 = Release|Any CPU
		{70218A71-9723-494D-BB20-5503A93BAB3F}.Release|x64.ActiveCfg = Release|Any CPU
		{70218A71-9723-494D-BB20-5503A93BAB3F}.Release|x64.Build.0 = Release|Any CPU
		{5F101D87-F8C4-42E2-BC9D-6F0B16EF7965}.Debug|Any CPU.ActiveCfg = Debug|Any CPU
		{5F101D87-F8C4-42E2-BC9D-6F0B16EF7965}.Debug|Any CPU.Build.0 = Debug|Any CPU
		{5F101D87-F8C4-42E2-BC9D-6F0B16EF7965}.Debug|x64.ActiveCfg = Debug|Any CPU
		{5F101D87-F8C4-42E2-BC9D-6F0B16EF7965}.Debug|x64.Build.0 = Debug|Any CPU
		{5F101D87-F8C4-42E2-BC9D-6F0B16EF7965}.Release|Any CPU.ActiveCfg = Release|Any CPU
		{5F101D87-F8C4-42E2-BC9D-6F0B16EF7965}.Release|Any CPU.Build.0 = Release|Any CPU
		{5F101D87-F8C4-42E2-BC9D-6F0B16EF7965}.Release|x64.ActiveCfg = Release|Any CPU
		{5F101D87-F8C4-42E2-BC9D-6F0B16EF7965}.Release|x64.Build.0 = Release|Any CPU
		{D7D06000-F971-4B7A-97FD-F241655FFCAE}.Debug|Any CPU.ActiveCfg = Debug|Any CPU
		{D7D06000-F971-4B7A-97FD-F241655FFCAE}.Debug|Any CPU.Build.0 = Debug|Any CPU
		{D7D06000-F971-4B7A-97FD-F241655FFCAE}.Debug|x64.ActiveCfg = Debug|Any CPU
		{D7D06000-F971-4B7A-97FD-F241655FFCAE}.Debug|x64.Build.0 = Debug|Any CPU
		{D7D06000-F971-4B7A-97FD-F241655FFCAE}.Release|Any CPU.ActiveCfg = Release|Any CPU
		{D7D06000-F971-4B7A-97FD-F241655FFCAE}.Release|Any CPU.Build.0 = Release|Any CPU
		{D7D06000-F971-4B7A-97FD-F241655FFCAE}.Release|x64.ActiveCfg = Release|Any CPU
		{D7D06000-F971-4B7A-97FD-F241655FFCAE}.Release|x64.Build.0 = Release|Any CPU
		{61F712CB-FCAC-44E7-86A7-E75BAD414166}.Debug|Any CPU.ActiveCfg = Debug|Any CPU
		{61F712CB-FCAC-44E7-86A7-E75BAD414166}.Debug|Any CPU.Build.0 = Debug|Any CPU
		{61F712CB-FCAC-44E7-86A7-E75BAD414166}.Debug|x64.ActiveCfg = Debug|Any CPU
		{61F712CB-FCAC-44E7-86A7-E75BAD414166}.Debug|x64.Build.0 = Debug|Any CPU
		{61F712CB-FCAC-44E7-86A7-E75BAD414166}.Release|Any CPU.ActiveCfg = Release|Any CPU
		{61F712CB-FCAC-44E7-86A7-E75BAD414166}.Release|Any CPU.Build.0 = Release|Any CPU
		{61F712CB-FCAC-44E7-86A7-E75BAD414166}.Release|x64.ActiveCfg = Release|Any CPU
		{61F712CB-FCAC-44E7-86A7-E75BAD414166}.Release|x64.Build.0 = Release|Any CPU
	EndGlobalSection
	GlobalSection(SolutionProperties) = preSolution
		HideSolutionNode = FALSE
	EndGlobalSection
	GlobalSection(ExtensibilityGlobals) = postSolution
		SolutionGuid = {502851D2-3999-4950-ACB5-D38622E31B7F}
	EndGlobalSection
EndGlobal
