
Microsoft Visual Studio Solution File, Format Version 12.00
# Visual Studio 15
VisualStudioVersion = 15.0.28307.271
MinimumVisualStudioVersion = 10.0.40219.1
Project("{FAE04EC0-301F-11D3-BF4B-00C04F79EFBC}") = "Day01", "Day1\Day01.csproj", "{951B7FE2-0A2B-4146-AB1B-A5CA2FA5BFB2}"
EndProject
Project("{FAE04EC0-301F-11D3-BF4B-00C04F79EFBC}") = "Day02", "Day2\Day02.csproj", "{1C4B80DC-F35D-49A0-ABC2-E7FA46743A37}"
EndProject
Project("{FAE04EC0-301F-11D3-BF4B-00C04F79EFBC}") = "Day03", "Day03\Day03.csproj", "{A76A7145-D96B-4FA2-B731-EEB2736A4A3E}"
EndProject
Project("{FAE04EC0-301F-11D3-BF4B-00C04F79EFBC}") = "Day04", "Day04\Day04.csproj", "{087CB0C7-4A72-4C2A-9940-F58652930946}"
EndProject
Project("{FAE04EC0-301F-11D3-BF4B-00C04F79EFBC}") = "Day05", "Day05\Day05.csproj", "{EB6F93B1-0206-4ADC-8BD7-033DAED6C60F}"
EndProject
Project("{FAE04EC0-301F-11D3-BF4B-00C04F79EFBC}") = "Day06", "Day06\Day06.csproj", "{13F970CD-3BC5-4054-B6A5-A96666959FCD}"
EndProject
Project("{FAE04EC0-301F-11D3-BF4B-00C04F79EFBC}") = "Day07", "Day07\Day07.csproj", "{85D88A78-1252-4CC0-BC45-01FE691480D8}"
EndProject
Project("{FAE04EC0-301F-11D3-BF4B-00C04F79EFBC}") = "Day08", "Day08\Day08.csproj", "{D7D541D3-B482-490B-B305-11C74367ED70}"
EndProject
Project("{FAE04EC0-301F-11D3-BF4B-00C04F79EFBC}") = "Day09", "Day09\Day09.csproj", "{F366CE6A-06E7-41F8-8002-CF8996037F75}"
EndProject
Project("{FAE04EC0-301F-11D3-BF4B-00C04F79EFBC}") = "Day10", "Day10\Day10.csproj", "{17BEA493-D021-4198-AFCE-077D459EF175}"
EndProject
Project("{FAE04EC0-301F-11D3-BF4B-00C04F79EFBC}") = "Day11", "Day11\Day11.csproj", "{5968CF01-70BD-4DF9-A7E0-6793A7406D49}"
EndProject
Project("{FAE04EC0-301F-11D3-BF4B-00C04F79EFBC}") = "Day13", "Day13\Day13.csproj", "{DAF87BA7-5344-4CF7-992D-DDCDD3448016}"
EndProject
Project("{FAE04EC0-301F-11D3-BF4B-00C04F79EFBC}") = "Day14", "Day14\Day14.csproj", "{2E6CA32E-40AF-4ADE-AA6F-35B60E6D4663}"
EndProject
Project("{FAE04EC0-301F-11D3-BF4B-00C04F79EFBC}") = "Day15", "Day15\Day15.csproj", "{32E22E88-83A5-4C65-9202-AE42D2BF1C43}"
EndProject
Project("{FAE04EC0-301F-11D3-BF4B-00C04F79EFBC}") = "Day16", "Day16\Day16.csproj", "{D82FC31B-18E2-4318-84B4-F4ABA8792A14}"
EndProject
Project("{FAE04EC0-301F-11D3-BF4B-00C04F79EFBC}") = "Day18", "Day18\Day18.csproj", "{357F25B7-6E4A-43EB-B38E-E0A91600AE66}"
EndProject
Project("{FAE04EC0-301F-11D3-BF4B-00C04F79EFBC}") = "Day19", "Day19\Day19.csproj", "{535D853F-3E0F-4E33-8E23-C9CE79193A32}"
EndProject
Project("{FAE04EC0-301F-11D3-BF4B-00C04F79EFBC}") = "Day20", "Day20\Day20.csproj", "{F05BBD7A-23A7-46BD-BEC6-19EECEA1C513}"
EndProject
Project("{FAE04EC0-301F-11D3-BF4B-00C04F79EFBC}") = "Day21", "Day21\Day21.csproj", "{7978F479-980F-4C0A-89DC-39EE70AB6EBA}"
EndProject
Project("{FAE04EC0-301F-11D3-BF4B-00C04F79EFBC}") = "Day23_WPF", "Day23_WPF\Day23_WPF.csproj", "{CB31B3AD-4DCE-4870-A56A-C7466C02BA6B}"
EndProject
Project("{FAE04EC0-301F-11D3-BF4B-00C04F79EFBC}") = "Day23", "Day23\Day23.csproj", "{AB1E7373-E262-4DE3-81C6-7A01A2A1616C}"
EndProject
Project("{FAE04EC0-301F-11D3-BF4B-00C04F79EFBC}") = "Day25", "Day25\Day25.csproj", "{30713F15-3E6C-4FD8-ACCD-1211572CF29B}"
EndProject
Project("{FAE04EC0-301F-11D3-BF4B-00C04F79EFBC}") = "Day17", "Day17\Day17.csproj", "{91B09D32-90A7-440E-ACB8-A063DEAF71D5}"
EndProject
Project("{FAE04EC0-301F-11D3-BF4B-00C04F79EFBC}") = "Day22", "Day22\Day22.csproj", "{9C6352AE-9659-4C1F-8B62-F7D3685F5B14}"
EndProject
Global
	GlobalSection(SolutionConfigurationPlatforms) = preSolution
		Debug|Any CPU = Debug|Any CPU
		Release|Any CPU = Release|Any CPU
	EndGlobalSection
	GlobalSection(ProjectConfigurationPlatforms) = postSolution
		{951B7FE2-0A2B-4146-AB1B-A5CA2FA5BFB2}.Debug|Any CPU.ActiveCfg = Debug|Any CPU
		{951B7FE2-0A2B-4146-AB1B-A5CA2FA5BFB2}.Debug|Any CPU.Build.0 = Debug|Any CPU
		{951B7FE2-0A2B-4146-AB1B-A5CA2FA5BFB2}.Release|Any CPU.ActiveCfg = Release|Any CPU
		{951B7FE2-0A2B-4146-AB1B-A5CA2FA5BFB2}.Release|Any CPU.Build.0 = Release|Any CPU
		{1C4B80DC-F35D-49A0-ABC2-E7FA46743A37}.Debug|Any CPU.ActiveCfg = Debug|Any CPU
		{1C4B80DC-F35D-49A0-ABC2-E7FA46743A37}.Debug|Any CPU.Build.0 = Debug|Any CPU
		{1C4B80DC-F35D-49A0-ABC2-E7FA46743A37}.Release|Any CPU.ActiveCfg = Release|Any CPU
		{1C4B80DC-F35D-49A0-ABC2-E7FA46743A37}.Release|Any CPU.Build.0 = Release|Any CPU
		{A76A7145-D96B-4FA2-B731-EEB2736A4A3E}.Debug|Any CPU.ActiveCfg = Debug|Any CPU
		{A76A7145-D96B-4FA2-B731-EEB2736A4A3E}.Debug|Any CPU.Build.0 = Debug|Any CPU
		{A76A7145-D96B-4FA2-B731-EEB2736A4A3E}.Release|Any CPU.ActiveCfg = Release|Any CPU
		{A76A7145-D96B-4FA2-B731-EEB2736A4A3E}.Release|Any CPU.Build.0 = Release|Any CPU
		{087CB0C7-4A72-4C2A-9940-F58652930946}.Debug|Any CPU.ActiveCfg = Debug|Any CPU
		{087CB0C7-4A72-4C2A-9940-F58652930946}.Debug|Any CPU.Build.0 = Debug|Any CPU
		{087CB0C7-4A72-4C2A-9940-F58652930946}.Release|Any CPU.ActiveCfg = Release|Any CPU
		{087CB0C7-4A72-4C2A-9940-F58652930946}.Release|Any CPU.Build.0 = Release|Any CPU
		{EB6F93B1-0206-4ADC-8BD7-033DAED6C60F}.Debug|Any CPU.ActiveCfg = Debug|Any CPU
		{EB6F93B1-0206-4ADC-8BD7-033DAED6C60F}.Debug|Any CPU.Build.0 = Debug|Any CPU
		{EB6F93B1-0206-4ADC-8BD7-033DAED6C60F}.Release|Any CPU.ActiveCfg = Release|Any CPU
		{EB6F93B1-0206-4ADC-8BD7-033DAED6C60F}.Release|Any CPU.Build.0 = Release|Any CPU
		{13F970CD-3BC5-4054-B6A5-A96666959FCD}.Debug|Any CPU.ActiveCfg = Debug|Any CPU
		{13F970CD-3BC5-4054-B6A5-A96666959FCD}.Debug|Any CPU.Build.0 = Debug|Any CPU
		{13F970CD-3BC5-4054-B6A5-A96666959FCD}.Release|Any CPU.ActiveCfg = Release|Any CPU
		{13F970CD-3BC5-4054-B6A5-A96666959FCD}.Release|Any CPU.Build.0 = Release|Any CPU
		{85D88A78-1252-4CC0-BC45-01FE691480D8}.Debug|Any CPU.ActiveCfg = Debug|Any CPU
		{85D88A78-1252-4CC0-BC45-01FE691480D8}.Debug|Any CPU.Build.0 = Debug|Any CPU
		{85D88A78-1252-4CC0-BC45-01FE691480D8}.Release|Any CPU.ActiveCfg = Release|Any CPU
		{85D88A78-1252-4CC0-BC45-01FE691480D8}.Release|Any CPU.Build.0 = Release|Any CPU
		{D7D541D3-B482-490B-B305-11C74367ED70}.Debug|Any CPU.ActiveCfg = Debug|Any CPU
		{D7D541D3-B482-490B-B305-11C74367ED70}.Debug|Any CPU.Build.0 = Debug|Any CPU
		{D7D541D3-B482-490B-B305-11C74367ED70}.Release|Any CPU.ActiveCfg = Release|Any CPU
		{D7D541D3-B482-490B-B305-11C74367ED70}.Release|Any CPU.Build.0 = Release|Any CPU
		{F366CE6A-06E7-41F8-8002-CF8996037F75}.Debug|Any CPU.ActiveCfg = Debug|Any CPU
		{F366CE6A-06E7-41F8-8002-CF8996037F75}.Debug|Any CPU.Build.0 = Debug|Any CPU
		{F366CE6A-06E7-41F8-8002-CF8996037F75}.Release|Any CPU.ActiveCfg = Release|Any CPU
		{F366CE6A-06E7-41F8-8002-CF8996037F75}.Release|Any CPU.Build.0 = Release|Any CPU
		{17BEA493-D021-4198-AFCE-077D459EF175}.Debug|Any CPU.ActiveCfg = Debug|Any CPU
		{17BEA493-D021-4198-AFCE-077D459EF175}.Debug|Any CPU.Build.0 = Debug|Any CPU
		{17BEA493-D021-4198-AFCE-077D459EF175}.Release|Any CPU.ActiveCfg = Release|Any CPU
		{17BEA493-D021-4198-AFCE-077D459EF175}.Release|Any CPU.Build.0 = Release|Any CPU
		{5968CF01-70BD-4DF9-A7E0-6793A7406D49}.Debug|Any CPU.ActiveCfg = Debug|Any CPU
		{5968CF01-70BD-4DF9-A7E0-6793A7406D49}.Debug|Any CPU.Build.0 = Debug|Any CPU
		{5968CF01-70BD-4DF9-A7E0-6793A7406D49}.Release|Any CPU.ActiveCfg = Release|Any CPU
		{5968CF01-70BD-4DF9-A7E0-6793A7406D49}.Release|Any CPU.Build.0 = Release|Any CPU
		{DAF87BA7-5344-4CF7-992D-DDCDD3448016}.Debug|Any CPU.ActiveCfg = Debug|Any CPU
		{DAF87BA7-5344-4CF7-992D-DDCDD3448016}.Debug|Any CPU.Build.0 = Debug|Any CPU
		{DAF87BA7-5344-4CF7-992D-DDCDD3448016}.Release|Any CPU.ActiveCfg = Release|Any CPU
		{DAF87BA7-5344-4CF7-992D-DDCDD3448016}.Release|Any CPU.Build.0 = Release|Any CPU
		{2E6CA32E-40AF-4ADE-AA6F-35B60E6D4663}.Debug|Any CPU.ActiveCfg = Debug|Any CPU
		{2E6CA32E-40AF-4ADE-AA6F-35B60E6D4663}.Debug|Any CPU.Build.0 = Debug|Any CPU
		{2E6CA32E-40AF-4ADE-AA6F-35B60E6D4663}.Release|Any CPU.ActiveCfg = Release|Any CPU
		{2E6CA32E-40AF-4ADE-AA6F-35B60E6D4663}.Release|Any CPU.Build.0 = Release|Any CPU
		{32E22E88-83A5-4C65-9202-AE42D2BF1C43}.Debug|Any CPU.ActiveCfg = Debug|Any CPU
		{32E22E88-83A5-4C65-9202-AE42D2BF1C43}.Debug|Any CPU.Build.0 = Debug|Any CPU
		{32E22E88-83A5-4C65-9202-AE42D2BF1C43}.Release|Any CPU.ActiveCfg = Release|Any CPU
		{32E22E88-83A5-4C65-9202-AE42D2BF1C43}.Release|Any CPU.Build.0 = Release|Any CPU
		{D82FC31B-18E2-4318-84B4-F4ABA8792A14}.Debug|Any CPU.ActiveCfg = Debug|Any CPU
		{D82FC31B-18E2-4318-84B4-F4ABA8792A14}.Debug|Any CPU.Build.0 = Debug|Any CPU
		{D82FC31B-18E2-4318-84B4-F4ABA8792A14}.Release|Any CPU.ActiveCfg = Release|Any CPU
		{D82FC31B-18E2-4318-84B4-F4ABA8792A14}.Release|Any CPU.Build.0 = Release|Any CPU
		{357F25B7-6E4A-43EB-B38E-E0A91600AE66}.Debug|Any CPU.ActiveCfg = Debug|Any CPU
		{357F25B7-6E4A-43EB-B38E-E0A91600AE66}.Debug|Any CPU.Build.0 = Debug|Any CPU
		{357F25B7-6E4A-43EB-B38E-E0A91600AE66}.Release|Any CPU.ActiveCfg = Release|Any CPU
		{357F25B7-6E4A-43EB-B38E-E0A91600AE66}.Release|Any CPU.Build.0 = Release|Any CPU
		{535D853F-3E0F-4E33-8E23-C9CE79193A32}.Debug|Any CPU.ActiveCfg = Debug|Any CPU
		{535D853F-3E0F-4E33-8E23-C9CE79193A32}.Debug|Any CPU.Build.0 = Debug|Any CPU
		{535D853F-3E0F-4E33-8E23-C9CE79193A32}.Release|Any CPU.ActiveCfg = Release|Any CPU
		{535D853F-3E0F-4E33-8E23-C9CE79193A32}.Release|Any CPU.Build.0 = Release|Any CPU
		{F05BBD7A-23A7-46BD-BEC6-19EECEA1C513}.Debug|Any CPU.ActiveCfg = Debug|Any CPU
		{F05BBD7A-23A7-46BD-BEC6-19EECEA1C513}.Debug|Any CPU.Build.0 = Debug|Any CPU
		{F05BBD7A-23A7-46BD-BEC6-19EECEA1C513}.Release|Any CPU.ActiveCfg = Release|Any CPU
		{F05BBD7A-23A7-46BD-BEC6-19EECEA1C513}.Release|Any CPU.Build.0 = Release|Any CPU
		{7978F479-980F-4C0A-89DC-39EE70AB6EBA}.Debug|Any CPU.ActiveCfg = Debug|Any CPU
		{7978F479-980F-4C0A-89DC-39EE70AB6EBA}.Debug|Any CPU.Build.0 = Debug|Any CPU
		{7978F479-980F-4C0A-89DC-39EE70AB6EBA}.Release|Any CPU.ActiveCfg = Release|Any CPU
		{7978F479-980F-4C0A-89DC-39EE70AB6EBA}.Release|Any CPU.Build.0 = Release|Any CPU
		{CB31B3AD-4DCE-4870-A56A-C7466C02BA6B}.Debug|Any CPU.ActiveCfg = Debug|Any CPU
		{CB31B3AD-4DCE-4870-A56A-C7466C02BA6B}.Debug|Any CPU.Build.0 = Debug|Any CPU
		{CB31B3AD-4DCE-4870-A56A-C7466C02BA6B}.Release|Any CPU.ActiveCfg = Release|Any CPU
		{CB31B3AD-4DCE-4870-A56A-C7466C02BA6B}.Release|Any CPU.Build.0 = Release|Any CPU
		{AB1E7373-E262-4DE3-81C6-7A01A2A1616C}.Debug|Any CPU.ActiveCfg = Debug|Any CPU
		{AB1E7373-E262-4DE3-81C6-7A01A2A1616C}.Debug|Any CPU.Build.0 = Debug|Any CPU
		{AB1E7373-E262-4DE3-81C6-7A01A2A1616C}.Release|Any CPU.ActiveCfg = Release|Any CPU
		{AB1E7373-E262-4DE3-81C6-7A01A2A1616C}.Release|Any CPU.Build.0 = Release|Any CPU
		{30713F15-3E6C-4FD8-ACCD-1211572CF29B}.Debug|Any CPU.ActiveCfg = Debug|Any CPU
		{30713F15-3E6C-4FD8-ACCD-1211572CF29B}.Debug|Any CPU.Build.0 = Debug|Any CPU
		{30713F15-3E6C-4FD8-ACCD-1211572CF29B}.Release|Any CPU.ActiveCfg = Release|Any CPU
		{30713F15-3E6C-4FD8-ACCD-1211572CF29B}.Release|Any CPU.Build.0 = Release|Any CPU
		{91B09D32-90A7-440E-ACB8-A063DEAF71D5}.Debug|Any CPU.ActiveCfg = Debug|Any CPU
		{91B09D32-90A7-440E-ACB8-A063DEAF71D5}.Debug|Any CPU.Build.0 = Debug|Any CPU
		{91B09D32-90A7-440E-ACB8-A063DEAF71D5}.Release|Any CPU.ActiveCfg = Release|Any CPU
		{91B09D32-90A7-440E-ACB8-A063DEAF71D5}.Release|Any CPU.Build.0 = Release|Any CPU
		{9C6352AE-9659-4C1F-8B62-F7D3685F5B14}.Debug|Any CPU.ActiveCfg = Debug|Any CPU
		{9C6352AE-9659-4C1F-8B62-F7D3685F5B14}.Debug|Any CPU.Build.0 = Debug|Any CPU
		{9C6352AE-9659-4C1F-8B62-F7D3685F5B14}.Release|Any CPU.ActiveCfg = Release|Any CPU
		{9C6352AE-9659-4C1F-8B62-F7D3685F5B14}.Release|Any CPU.Build.0 = Release|Any CPU
	EndGlobalSection
	GlobalSection(SolutionProperties) = preSolution
		HideSolutionNode = FALSE
	EndGlobalSection
	GlobalSection(ExtensibilityGlobals) = postSolution
		SolutionGuid = {52943672-CECA-4AFA-8E74-9A9D5AC60B29}
	EndGlobalSection
EndGlobal
