
Microsoft Visual Studio Solution File, Format Version 12.00
# Visual Studio 15
VisualStudioVersion = 15.0.28307.271
MinimumVisualStudioVersion = 10.0.40219.1
Project("{FAE04EC0-301F-11D3-BF4B-00C04F79EFBC}") = "Day01", "Day01\Day01.csproj", "{28457521-071D-4B64-AD92-F838C8A4E425}"
EndProject
Project("{FAE04EC0-301F-11D3-BF4B-00C04F79EFBC}") = "Day02", "Day02\Day02.csproj", "{D8127FAC-D053-4176-88D1-A5710C9C92EC}"
EndProject
Project("{FAE04EC0-301F-11D3-BF4B-00C04F79EFBC}") = "Day03", "Day03\Day03.csproj", "{21E4C0EE-AFE1-44FD-9EFB-BC4B24A7417D}"
EndProject
Project("{FAE04EC0-301F-11D3-BF4B-00C04F79EFBC}") = "Day04", "Day04\Day04.csproj", "{DB2199CA-AE94-4CEF-9771-21F697778FF8}"
EndProject
Project("{FAE04EC0-301F-11D3-BF4B-00C04F79EFBC}") = "Day05", "Day05\Day05.csproj", "{BBE1FB62-7A18-4134-9E85-2F7C74303D52}"
EndProject
Project("{FAE04EC0-301F-11D3-BF4B-00C04F79EFBC}") = "Day06", "Day06\Day06.csproj", "{8386D3E4-186F-47FF-AA80-C2DFEA888A93}"
EndProject
Project("{FAE04EC0-301F-11D3-BF4B-00C04F79EFBC}") = "Day07", "Day07\Day07.csproj", "{8F5F9971-A286-4BA5-8EB2-C39BDC69A19B}"
EndProject
Project("{FAE04EC0-301F-11D3-BF4B-00C04F79EFBC}") = "Day08", "Day08\Day08.csproj", "{66B493FD-BACB-4064-9E75-5D4A440EE7F1}"
EndProject
Project("{FAE04EC0-301F-11D3-BF4B-00C04F79EFBC}") = "Day09", "Day09\Day09.csproj", "{8401E589-A9CB-487E-92F3-B95A015A7B52}"
EndProject
Global
	GlobalSection(SolutionConfigurationPlatforms) = preSolution
		Debug|Any CPU = Debug|Any CPU
		Debug|x64 = Debug|x64
		Release|Any CPU = Release|Any CPU
		Release|x64 = Release|x64
	EndGlobalSection
	GlobalSection(ProjectConfigurationPlatforms) = postSolution
		{28457521-071D-4B64-AD92-F838C8A4E425}.Debug|Any CPU.ActiveCfg = Debug|Any CPU
		{28457521-071D-4B64-AD92-F838C8A4E425}.Debug|Any CPU.Build.0 = Debug|Any CPU
		{28457521-071D-4B64-AD92-F838C8A4E425}.Debug|x64.ActiveCfg = Debug|Any CPU
		{28457521-071D-4B64-AD92-F838C8A4E425}.Debug|x64.Build.0 = Debug|Any CPU
		{28457521-071D-4B64-AD92-F838C8A4E425}.Release|Any CPU.ActiveCfg = Release|Any CPU
		{28457521-071D-4B64-AD92-F838C8A4E425}.Release|Any CPU.Build.0 = Release|Any CPU
		{28457521-071D-4B64-AD92-F838C8A4E425}.Release|x64.ActiveCfg = Release|Any CPU
		{28457521-071D-4B64-AD92-F838C8A4E425}.Release|x64.Build.0 = Release|Any CPU
		{D8127FAC-D053-4176-88D1-A5710C9C92EC}.Debug|Any CPU.ActiveCfg = Debug|Any CPU
		{D8127FAC-D053-4176-88D1-A5710C9C92EC}.Debug|Any CPU.Build.0 = Debug|Any CPU
		{D8127FAC-D053-4176-88D1-A5710C9C92EC}.Debug|x64.ActiveCfg = Debug|Any CPU
		{D8127FAC-D053-4176-88D1-A5710C9C92EC}.Debug|x64.Build.0 = Debug|Any CPU
		{D8127FAC-D053-4176-88D1-A5710C9C92EC}.Release|Any CPU.ActiveCfg = Release|Any CPU
		{D8127FAC-D053-4176-88D1-A5710C9C92EC}.Release|Any CPU.Build.0 = Release|Any CPU
		{D8127FAC-D053-4176-88D1-A5710C9C92EC}.Release|x64.ActiveCfg = Release|Any CPU
		{D8127FAC-D053-4176-88D1-A5710C9C92EC}.Release|x64.Build.0 = Release|Any CPU
		{21E4C0EE-AFE1-44FD-9EFB-BC4B24A7417D}.Debug|Any CPU.ActiveCfg = Debug|Any CPU
		{21E4C0EE-AFE1-44FD-9EFB-BC4B24A7417D}.Debug|Any CPU.Build.0 = Debug|Any CPU
		{21E4C0EE-AFE1-44FD-9EFB-BC4B24A7417D}.Debug|x64.ActiveCfg = Debug|Any CPU
		{21E4C0EE-AFE1-44FD-9EFB-BC4B24A7417D}.Debug|x64.Build.0 = Debug|Any CPU
		{21E4C0EE-AFE1-44FD-9EFB-BC4B24A7417D}.Release|Any CPU.ActiveCfg = Release|Any CPU
		{21E4C0EE-AFE1-44FD-9EFB-BC4B24A7417D}.Release|Any CPU.Build.0 = Release|Any CPU
		{21E4C0EE-AFE1-44FD-9EFB-BC4B24A7417D}.Release|x64.ActiveCfg = Release|Any CPU
		{21E4C0EE-AFE1-44FD-9EFB-BC4B24A7417D}.Release|x64.Build.0 = Release|Any CPU
		{DB2199CA-AE94-4CEF-9771-21F697778FF8}.Debug|Any CPU.ActiveCfg = Debug|Any CPU
		{DB2199CA-AE94-4CEF-9771-21F697778FF8}.Debug|Any CPU.Build.0 = Debug|Any CPU
		{DB2199CA-AE94-4CEF-9771-21F697778FF8}.Debug|x64.ActiveCfg = Debug|Any CPU
		{DB2199CA-AE94-4CEF-9771-21F697778FF8}.Debug|x64.Build.0 = Debug|Any CPU
		{DB2199CA-AE94-4CEF-9771-21F697778FF8}.Release|Any CPU.ActiveCfg = Release|Any CPU
		{DB2199CA-AE94-4CEF-9771-21F697778FF8}.Release|Any CPU.Build.0 = Release|Any CPU
		{DB2199CA-AE94-4CEF-9771-21F697778FF8}.Release|x64.ActiveCfg = Release|Any CPU
		{DB2199CA-AE94-4CEF-9771-21F697778FF8}.Release|x64.Build.0 = Release|Any CPU
		{BBE1FB62-7A18-4134-9E85-2F7C74303D52}.Debug|Any CPU.ActiveCfg = Debug|Any CPU
		{BBE1FB62-7A18-4134-9E85-2F7C74303D52}.Debug|Any CPU.Build.0 = Debug|Any CPU
		{BBE1FB62-7A18-4134-9E85-2F7C74303D52}.Debug|x64.ActiveCfg = Debug|Any CPU
		{BBE1FB62-7A18-4134-9E85-2F7C74303D52}.Debug|x64.Build.0 = Debug|Any CPU
		{BBE1FB62-7A18-4134-9E85-2F7C74303D52}.Release|Any CPU.ActiveCfg = Release|Any CPU
		{BBE1FB62-7A18-4134-9E85-2F7C74303D52}.Release|Any CPU.Build.0 = Release|Any CPU
		{BBE1FB62-7A18-4134-9E85-2F7C74303D52}.Release|x64.ActiveCfg = Release|Any CPU
		{BBE1FB62-7A18-4134-9E85-2F7C74303D52}.Release|x64.Build.0 = Release|Any CPU
		{8386D3E4-186F-47FF-AA80-C2DFEA888A93}.Debug|Any CPU.ActiveCfg = Debug|Any CPU
		{8386D3E4-186F-47FF-AA80-C2DFEA888A93}.Debug|Any CPU.Build.0 = Debug|Any CPU
		{8386D3E4-186F-47FF-AA80-C2DFEA888A93}.Debug|x64.ActiveCfg = Debug|Any CPU
		{8386D3E4-186F-47FF-AA80-C2DFEA888A93}.Debug|x64.Build.0 = Debug|Any CPU
		{8386D3E4-186F-47FF-AA80-C2DFEA888A93}.Release|Any CPU.ActiveCfg = Release|Any CPU
		{8386D3E4-186F-47FF-AA80-C2DFEA888A93}.Release|Any CPU.Build.0 = Release|Any CPU
		{8386D3E4-186F-47FF-AA80-C2DFEA888A93}.Release|x64.ActiveCfg = Release|Any CPU
		{8386D3E4-186F-47FF-AA80-C2DFEA888A93}.Release|x64.Build.0 = Release|Any CPU
		{8F5F9971-A286-4BA5-8EB2-C39BDC69A19B}.Debug|Any CPU.ActiveCfg = Debug|Any CPU
		{8F5F9971-A286-4BA5-8EB2-C39BDC69A19B}.Debug|Any CPU.Build.0 = Debug|Any CPU
		{8F5F9971-A286-4BA5-8EB2-C39BDC69A19B}.Debug|x64.ActiveCfg = Debug|Any CPU
		{8F5F9971-A286-4BA5-8EB2-C39BDC69A19B}.Debug|x64.Build.0 = Debug|Any CPU
		{8F5F9971-A286-4BA5-8EB2-C39BDC69A19B}.Release|Any CPU.ActiveCfg = Release|Any CPU
		{8F5F9971-A286-4BA5-8EB2-C39BDC69A19B}.Release|Any CPU.Build.0 = Release|Any CPU
		{8F5F9971-A286-4BA5-8EB2-C39BDC69A19B}.Release|x64.ActiveCfg = Release|Any CPU
		{8F5F9971-A286-4BA5-8EB2-C39BDC69A19B}.Release|x64.Build.0 = Release|Any CPU
		{66B493FD-BACB-4064-9E75-5D4A440EE7F1}.Debug|Any CPU.ActiveCfg = Debug|Any CPU
		{66B493FD-BACB-4064-9E75-5D4A440EE7F1}.Debug|Any CPU.Build.0 = Debug|Any CPU
		{66B493FD-BACB-4064-9E75-5D4A440EE7F1}.Debug|x64.ActiveCfg = Debug|Any CPU
		{66B493FD-BACB-4064-9E75-5D4A440EE7F1}.Debug|x64.Build.0 = Debug|Any CPU
		{66B493FD-BACB-4064-9E75-5D4A440EE7F1}.Release|Any CPU.ActiveCfg = Release|Any CPU
		{66B493FD-BACB-4064-9E75-5D4A440EE7F1}.Release|Any CPU.Build.0 = Release|Any CPU
		{66B493FD-BACB-4064-9E75-5D4A440EE7F1}.Release|x64.ActiveCfg = Release|Any CPU
		{66B493FD-BACB-4064-9E75-5D4A440EE7F1}.Release|x64.Build.0 = Release|Any CPU
		{8401E589-A9CB-487E-92F3-B95A015A7B52}.Debug|Any CPU.ActiveCfg = Debug|Any CPU
		{8401E589-A9CB-487E-92F3-B95A015A7B52}.Debug|Any CPU.Build.0 = Debug|Any CPU
		{8401E589-A9CB-487E-92F3-B95A015A7B52}.Debug|x64.ActiveCfg = Debug|x64
		{8401E589-A9CB-487E-92F3-B95A015A7B52}.Debug|x64.Build.0 = Debug|x64
		{8401E589-A9CB-487E-92F3-B95A015A7B52}.Release|Any CPU.ActiveCfg = Release|Any CPU
		{8401E589-A9CB-487E-92F3-B95A015A7B52}.Release|Any CPU.Build.0 = Release|Any CPU
		{8401E589-A9CB-487E-92F3-B95A015A7B52}.Release|x64.ActiveCfg = Release|x64
		{8401E589-A9CB-487E-92F3-B95A015A7B52}.Release|x64.Build.0 = Release|x64
	EndGlobalSection
	GlobalSection(SolutionProperties) = preSolution
		HideSolutionNode = FALSE
	EndGlobalSection
	GlobalSection(ExtensibilityGlobals) = postSolution
		SolutionGuid = {F34516EA-A643-433D-A718-EB763EC50A5E}
	EndGlobalSection
EndGlobal
