
Microsoft Visual Studio Solution File, Format Version 12.00
# Visual Studio Version 16
VisualStudioVersion = 16.0.29519.87
MinimumVisualStudioVersion = 10.0.40219.1
Project("{9A19103F-16F7-4668-BE54-9A1E7A4F7556}") = "Years", "src\Years\Years.csproj", "{3B9EE0B7-0775-4297-8EFE-86D73206B4A1}"
EndProject
Project("{2150E333-8FDC-42A3-9474-1A3956D46DE8}") = "src", "src", "{E7C5612A-7F40-463A-9AD9-0039EC1C19F8}"
EndProject
Project("{9A19103F-16F7-4668-BE54-9A1E7A4F7556}") = "YearGenerator", "src\YearGenerator\YearGenerator.csproj", "{997FDDE9-3137-4E8F-825F-FF429249812F}"
EndProject
Project("{FAE04EC0-301F-11D3-BF4B-00C04F79EFBC}") = "Cli", "src\Cli\Cli.csproj", "{BDCECEAC-3AB6-4129-9A35-5ECD84D64313}"
EndProject
Project("{FAE04EC0-301F-11D3-BF4B-00C04F79EFBC}") = "Year2015Day23_WPF", "src\Year2015Day23_WPF\Year2015Day23_WPF.csproj", "{CB31B3AD-4DCE-4870-A56A-C7466C02BA6B}"
EndProject
Project("{2150E333-8FDC-42A3-9474-1A3956D46DE8}") = "Specials", "Specials", "{B685E20F-9B4A-490A-A1DB-6E399ACA4285}"
EndProject
Global
	GlobalSection(SolutionConfigurationPlatforms) = preSolution
		Debug|Any CPU = Debug|Any CPU
		Release|Any CPU = Release|Any CPU
	EndGlobalSection
	GlobalSection(ProjectConfigurationPlatforms) = postSolution
		{3B9EE0B7-0775-4297-8EFE-86D73206B4A1}.Debug|Any CPU.ActiveCfg = Debug|Any CPU
		{3B9EE0B7-0775-4297-8EFE-86D73206B4A1}.Debug|Any CPU.Build.0 = Debug|Any CPU
		{3B9EE0B7-0775-4297-8EFE-86D73206B4A1}.Release|Any CPU.ActiveCfg = Release|Any CPU
		{3B9EE0B7-0775-4297-8EFE-86D73206B4A1}.Release|Any CPU.Build.0 = Release|Any CPU
		{997FDDE9-3137-4E8F-825F-FF429249812F}.Debug|Any CPU.ActiveCfg = Debug|Any CPU
		{997FDDE9-3137-4E8F-825F-FF429249812F}.Debug|Any CPU.Build.0 = Debug|Any CPU
		{997FDDE9-3137-4E8F-825F-FF429249812F}.Release|Any CPU.ActiveCfg = Release|Any CPU
		{997FDDE9-3137-4E8F-825F-FF429249812F}.Release|Any CPU.Build.0 = Release|Any CPU
		{BDCECEAC-3AB6-4129-9A35-5ECD84D64313}.Debug|Any CPU.ActiveCfg = Debug|Any CPU
		{BDCECEAC-3AB6-4129-9A35-5ECD84D64313}.Debug|Any CPU.Build.0 = Debug|Any CPU
		{BDCECEAC-3AB6-4129-9A35-5ECD84D64313}.Release|Any CPU.ActiveCfg = Release|Any CPU
		{BDCECEAC-3AB6-4129-9A35-5ECD84D64313}.Release|Any CPU.Build.0 = Release|Any CPU
		{CB31B3AD-4DCE-4870-A56A-C7466C02BA6B}.Debug|Any CPU.ActiveCfg = Debug|Any CPU
		{CB31B3AD-4DCE-4870-A56A-C7466C02BA6B}.Debug|Any CPU.Build.0 = Debug|Any CPU
		{CB31B3AD-4DCE-4870-A56A-C7466C02BA6B}.Release|Any CPU.ActiveCfg = Release|Any CPU
		{CB31B3AD-4DCE-4870-A56A-C7466C02BA6B}.Release|Any CPU.Build.0 = Release|Any CPU
	EndGlobalSection
	GlobalSection(SolutionProperties) = preSolution
		HideSolutionNode = FALSE
	EndGlobalSection
	GlobalSection(NestedProjects) = preSolution
		{3B9EE0B7-0775-4297-8EFE-86D73206B4A1} = {E7C5612A-7F40-463A-9AD9-0039EC1C19F8}
		{997FDDE9-3137-4E8F-825F-FF429249812F} = {E7C5612A-7F40-463A-9AD9-0039EC1C19F8}
		{BDCECEAC-3AB6-4129-9A35-5ECD84D64313} = {E7C5612A-7F40-463A-9AD9-0039EC1C19F8}
		{CB31B3AD-4DCE-4870-A56A-C7466C02BA6B} = {B685E20F-9B4A-490A-A1DB-6E399ACA4285}
		{B685E20F-9B4A-490A-A1DB-6E399ACA4285} = {E7C5612A-7F40-463A-9AD9-0039EC1C19F8}
	EndGlobalSection
	GlobalSection(ExtensibilityGlobals) = postSolution
		SolutionGuid = {011C362E-0F2F-4614-A5FB-BE88F657C10E}
	EndGlobalSection
EndGlobal
